# This file was autogenerated by Stack.
# You should not edit this file by hand.
# For more information, please see the documentation at:
#   https://docs.haskellstack.org/en/stable/lock_files

packages:
- completed:
    hackage: happy-2.0.2@sha256:df315b5554b84d313ae54ad8d79dabe5a69f943f50ad5279a3009fe6a9313fc9,4995
    pantry-tree:
      sha256: 60245e900b31d670359448806f4501b2d64803665f89bebfee2868b04ada434c
      size: 6282
  original:
    hackage: happy-2.0.2
snapshots: []
